
Microsoft Visual Studio Solution File, Format Version 12.00
# Visual Studio Version 17
VisualStudioVersion = 17.14.36109.1 d17.14
MinimumVisualStudioVersion = 10.0.40219.1
Project("{FAE04EC0-301F-11D3-BF4B-00C04F79EFBC}") = "TimeGrain", "TimeGrain.csproj", "{52810197-8218-4887-B3C8-E2D92FAD16C0}"
EndProject
Global
	GlobalSection(SolutionConfigurationPlatforms) = preSolution
		Debug|Any CPU = Debug|Any CPU
		Release|Any CPU = Release|Any CPU
	EndGlobalSection
	GlobalSection(ProjectConfigurationPlatforms) = postSolution
		{52810197-8218-4887-B3C8-E2D92FAD16C0}.Debug|Any CPU.ActiveCfg = Debug|Any CPU
		{52810197-8218-4887-B3C8-E2D92FAD16C0}.Debug|Any CPU.Build.0 = Debug|Any CPU
		{52810197-8218-4887-B3C8-E2D92FAD16C0}.Release|Any CPU.ActiveCfg = Release|Any CPU
		{52810197-8218-4887-B3C8-E2D92FAD16C0}.Release|Any CPU.Build.0 = Release|Any CPU
	EndGlobalSection
	GlobalSection(SolutionProperties) = preSolution
		HideSolutionNode = FALSE
	EndGlobalSection
	GlobalSection(ExtensibilityGlobals) = postSolution
		SolutionGuid = {8822D73F-AB99-450F-A70E-E6D3F955D127}
	EndGlobalSection
EndGlobal
